
Microsoft Visual Studio Solution File, Format Version 12.00
Project("{FAE04EC0-301F-11D3-BF4B-00C04F79EFBC}") = "MythTechTest", "MythTechTest\MythTechTest.csproj", "{CF85909A-946C-423F-B18B-2180AD77C78D}"
EndProject
Global
	GlobalSection(SolutionConfigurationPlatforms) = preSolution
		Debug|Any CPU = Debug|Any CPU
		Release|Any CPU = Release|Any CPU
	EndGlobalSection
	GlobalSection(ProjectConfigurationPlatforms) = postSolution
		{CF85909A-946C-423F-B18B-2180AD77C78D}.Debug|Any CPU.ActiveCfg = Debug|Any CPU
		{CF85909A-946C-423F-B18B-2180AD77C78D}.Debug|Any CPU.Build.0 = Debug|Any CPU
		{CF85909A-946C-423F-B18B-2180AD77C78D}.Release|Any CPU.ActiveCfg = Release|Any CPU
		{CF85909A-946C-423F-B18B-2180AD77C78D}.Release|Any CPU.Build.0 = Release|Any CPU
	EndGlobalSection
EndGlobal
